
Microsoft Visual Studio Solution File, Format Version 12.00
# Visual Studio 2013
VisualStudioVersion = 12.0.30723.0
MinimumVisualStudioVersion = 10.0.40219.1
Project("{9092AA53-FB77-4645-B42D-1CCCA6BD08BD}") = "AngularJS-Filter", "..\..\WebSites\AngularJS-Filter\AngularJS-Filter.njsproj", "{66C260A9-81DB-4BF6-8424-E67AEA1C28EA}"
EndProject
Global
	GlobalSection(SolutionConfigurationPlatforms) = preSolution
		Debug|Any CPU = Debug|Any CPU
		Release|Any CPU = Release|Any CPU
	EndGlobalSection
	GlobalSection(ProjectConfigurationPlatforms) = postSolution
		{66C260A9-81DB-4BF6-8424-E67AEA1C28EA}.Debug|Any CPU.ActiveCfg = Debug|Any CPU
		{66C260A9-81DB-4BF6-8424-E67AEA1C28EA}.Debug|Any CPU.Build.0 = Debug|Any CPU
		{66C260A9-81DB-4BF6-8424-E67AEA1C28EA}.Release|Any CPU.ActiveCfg = Release|Any CPU
		{66C260A9-81DB-4BF6-8424-E67AEA1C28EA}.Release|Any CPU.Build.0 = Release|Any CPU
	EndGlobalSection
	GlobalSection(SolutionProperties) = preSolution
		HideSolutionNode = FALSE
	EndGlobalSection
EndGlobal
